
Microsoft Visual Studio Solution File, Format Version 12.00
# Visual Studio Version 16
VisualStudioVersion = 16.0.33927.289
MinimumVisualStudioVersion = 10.0.40219.1
Project("{2150E333-8FDC-42A3-9474-1A3956D46DE8}") = "Task0", "Task0", "{D54A6EBC-119F-41D9-ABDB-84B064EE5C49}"
EndProject
Project("{FAE04EC0-301F-11D3-BF4B-00C04F79EFBC}") = "Tyuiu.PyatkovaAYu.Sprint2.Task0.V26", "Tyuiu.PyatkovaAYu.Sprint2.Task0.V26\Tyuiu.PyatkovaAYu.Sprint2.Task0.V26.csproj", "{4B31DD28-1C43-4881-9BED-7CE8D15435CB}"
EndProject
Project("{FAE04EC0-301F-11D3-BF4B-00C04F79EFBC}") = "Tyuiu.PyatkovaAYu.Sprint2.Task0.V26.Lib", "Tyuiu.PyatkovaAYu.Sprint2.Task0.V26.Lib\Tyuiu.PyatkovaAYu.Sprint2.Task0.V26.Lib.csproj", "{8192C8EF-7CDE-41EA-9DFC-23BBA8139EFF}"
EndProject
Project("{FAE04EC0-301F-11D3-BF4B-00C04F79EFBC}") = "Tyuiu.PyatkovaAYu.Sprint2.Task0.V26.Test", "Tyuiu.PyatkovaAYu.Sprint2.Task0.V26.Test\Tyuiu.PyatkovaAYu.Sprint2.Task0.V26.Test.csproj", "{486F9488-C89A-4948-86E5-A9891FE98887}"
EndProject
Project("{2150E333-8FDC-42A3-9474-1A3956D46DE8}") = "Task1", "Task1", "{A85CA0D2-9CC0-4F02-8F34-0804591886F7}"
EndProject
Project("{FAE04EC0-301F-11D3-BF4B-00C04F79EFBC}") = "Tyuiu.PyatkovaAYu.Sprint2.Task1.V1", "Tyuiu.PyatkovaAYu.Sprint2.Task1.V1\Tyuiu.PyatkovaAYu.Sprint2.Task1.V1.csproj", "{E38A08E8-3E2A-4039-9179-5AF532B6529F}"
EndProject
Project("{FAE04EC0-301F-11D3-BF4B-00C04F79EFBC}") = "Tyuiu.PyatkovaAYu.Sprint2.Task1.V1.Lib", "Tyuiu.PyatkovaAYu.Sprint2.Task1.V1.Lib\Tyuiu.PyatkovaAYu.Sprint2.Task1.V1.Lib.csproj", "{04A4BECF-3510-4451-BBBD-D6D6D2C96D08}"
EndProject
Project("{FAE04EC0-301F-11D3-BF4B-00C04F79EFBC}") = "Tyuiu.PyatkovaAYu.Sprint2.Task1.V1.Test", "Tyuiu.PyatkovaAYu.Sprint2.Task1.V1.Test\Tyuiu.PyatkovaAYu.Sprint2.Task1.V1.Test.csproj", "{3F45474E-F1CA-4CEB-A81E-706A493CC071}"
EndProject
Project("{2150E333-8FDC-42A3-9474-1A3956D46DE8}") = "Task2", "Task2", "{E1D85D3E-27B2-4354-A2B4-B916FBBDEB08}"
EndProject
Project("{FAE04EC0-301F-11D3-BF4B-00C04F79EFBC}") = "Tyuiu.PyatkovaAYu.Sprint2.Task2.V26", "Tyuiu.PyatkovaAYu.Sprint2.Task2.V26\Tyuiu.PyatkovaAYu.Sprint2.Task2.V26.csproj", "{97F025C5-B7B9-4A6A-94E7-05DE3BE07636}"
EndProject
Project("{FAE04EC0-301F-11D3-BF4B-00C04F79EFBC}") = "Tyuiu.PyatkovaAYu.Sprint2.Task2.V26.Lib", "Tyuiu.PyatkovaAYu.Sprint2.Task2.V26.Lib\Tyuiu.PyatkovaAYu.Sprint2.Task2.V26.Lib.csproj", "{87C81A87-09AB-4ECE-8E41-D1BC377C46CD}"
EndProject
Project("{FAE04EC0-301F-11D3-BF4B-00C04F79EFBC}") = "Tyuiu.PyatkovaAYu.Sprint2.Task2.V26.Test", "Tyuiu.PyatkovaAYu.Sprint2.Task2.V26.Test\Tyuiu.PyatkovaAYu.Sprint2.Task2.V26.Test.csproj", "{B5A349F9-628B-4A91-B2DE-076538D729E1}"
EndProject
Project("{2150E333-8FDC-42A3-9474-1A3956D46DE8}") = "Task3", "Task3", "{D9B3F686-0714-43DB-9AE5-F9506E3EFBC8}"
EndProject
Project("{FAE04EC0-301F-11D3-BF4B-00C04F79EFBC}") = "Tyuiu.PyatkovaAYu.Sprint2.Task3.V9", "Tyuiu.PyatkovaAYu.Sprint2.Task3.V9\Tyuiu.PyatkovaAYu.Sprint2.Task3.V9.csproj", "{B5B4A081-DCED-4A65-8ED4-97694187167A}"
EndProject
Project("{FAE04EC0-301F-11D3-BF4B-00C04F79EFBC}") = "Tyuiu.PyatkovaAYu.Sprint2.Task3.V9.Lib", "Tyuiu.PyatkovaAYu.Sprint2.Task3.V9.Lib\Tyuiu.PyatkovaAYu.Sprint2.Task3.V9.Lib.csproj", "{2956518F-E30F-4B50-AAC1-CA85336CB659}"
EndProject
Project("{FAE04EC0-301F-11D3-BF4B-00C04F79EFBC}") = "Tyuiu.PyatkovaAYu.Sprint2.Task3.V9.Test", "Tyuiu.PyatkovaAYu.Sprint2.Task3.V9.Test\Tyuiu.PyatkovaAYu.Sprint2.Task3.V9.Test.csproj", "{5AD3CD00-790D-4226-B058-70BC53872BE0}"
EndProject
Project("{2150E333-8FDC-42A3-9474-1A3956D46DE8}") = "Task4", "Task4", "{72F40368-C14A-431E-8226-3F3AE9791E8A}"
EndProject
Project("{FAE04EC0-301F-11D3-BF4B-00C04F79EFBC}") = "Tyuiu.PyatkovaAYu.Sprint2.Task4.V8", "Tyuiu.PyatkovaAYu.Sprint2.Task4.V8\Tyuiu.PyatkovaAYu.Sprint2.Task4.V8.csproj", "{F170FE9E-A1B2-4B59-9A76-3F8A8C592466}"
EndProject
Project("{FAE04EC0-301F-11D3-BF4B-00C04F79EFBC}") = "Tyuiu.PyatkovaAYu.Sprint2.Task4.V8.Lib", "Tyuiu.PyatkovaAYu.Sprint2.Task4.V8.Lib\Tyuiu.PyatkovaAYu.Sprint2.Task4.V8.Lib.csproj", "{714C9174-CF0F-4B8F-9179-A1FD3C28FFDB}"
EndProject
Project("{FAE04EC0-301F-11D3-BF4B-00C04F79EFBC}") = "Tyuiu.PyatkovaAYu.Sprint2.Task4.V8.Test", "Tyuiu.PyatkovaAYu.Sprint2.Task4.V8.Test\Tyuiu.PyatkovaAYu.Sprint2.Task4.V8.Test.csproj", "{1ED2E7BA-A0BF-4541-97D6-822FBF499D44}"
EndProject
Project("{2150E333-8FDC-42A3-9474-1A3956D46DE8}") = "Task5", "Task5", "{0E3C6C3D-B1BC-4E66-A62B-5640E739B501}"
EndProject
Project("{FAE04EC0-301F-11D3-BF4B-00C04F79EFBC}") = "Tyuiu.PyatkovaAYu.Sprint2.Task5.V15", "Tyuiu.PyatkovaAYu.Sprint2.Task5.V15\Tyuiu.PyatkovaAYu.Sprint2.Task5.V15.csproj", "{9E7D2CAF-7BB3-4FE7-9E42-AB363AF56689}"
EndProject
Project("{FAE04EC0-301F-11D3-BF4B-00C04F79EFBC}") = "Tyuiu.PyatkovaAYu.Sprint2.Task5.V15.Lib", "Tyuiu.PyatkovaAYu.Sprint2.Task5.V15.Lib\Tyuiu.PyatkovaAYu.Sprint2.Task5.V15.Lib.csproj", "{EAFFEF95-7976-4154-8F81-FE1DB7C9628E}"
EndProject
Project("{FAE04EC0-301F-11D3-BF4B-00C04F79EFBC}") = "Tyuiu.PyatkovaAYu.Sprint2.Task5.V15.Test", "Tyuiu.PyatkovaAYu.Sprint2.Task5.V15.Test\Tyuiu.PyatkovaAYu.Sprint2.Task5.V15.Test.csproj", "{2F393A45-A8E4-4525-9095-757A96219AD2}"
EndProject
Project("{2150E333-8FDC-42A3-9474-1A3956D46DE8}") = "Task6", "Task6", "{B19BE040-AB28-491C-A8B4-AFD37AA6FC29}"
EndProject
Project("{FAE04EC0-301F-11D3-BF4B-00C04F79EFBC}") = "Tyuiu.PyatkovaAYu.Sprint2.Task6.V2", "Tyuiu.PyatkovaAYu.Sprint2.Task6.V2\Tyuiu.PyatkovaAYu.Sprint2.Task6.V2.csproj", "{383C4ACA-C221-40FA-ABCA-A0BFD3A60705}"
EndProject
Project("{FAE04EC0-301F-11D3-BF4B-00C04F79EFBC}") = "Tyuiu.PyatkovaAYu.Sprint2.Task6.V2.Lib", "Tyuiu.PyatkovaAYu.Sprint2.Task6.V2.Lib\Tyuiu.PyatkovaAYu.Sprint2.Task6.V2.Lib.csproj", "{48F82453-0D2D-4ADE-B7C3-722E58FC9009}"
EndProject
Project("{FAE04EC0-301F-11D3-BF4B-00C04F79EFBC}") = "Tyuiu.PyatkovaAYu.Sprint2.Task6.V2.Test", "Tyuiu.PyatkovaAYu.Sprint2.Task6.V2.Test\Tyuiu.PyatkovaAYu.Sprint2.Task6.V2.Test.csproj", "{591F24CF-7EDA-4E9C-AB38-1537FC550F04}"
EndProject
Project("{2150E333-8FDC-42A3-9474-1A3956D46DE8}") = "Task7", "Task7", "{ACC2F2D8-C997-4429-840C-A7204516E679}"
EndProject
Project("{FAE04EC0-301F-11D3-BF4B-00C04F79EFBC}") = "Tyuiu.PyatkovaAYu.Sprint2.Task7.V10", "Tyuiu.PyatkovaAYu.Sprint2.Task7.V10\Tyuiu.PyatkovaAYu.Sprint2.Task7.V10.csproj", "{D720555D-BCE8-4596-A554-A634D390EF8B}"
EndProject
Project("{FAE04EC0-301F-11D3-BF4B-00C04F79EFBC}") = "Tyuiu.PyatkovaAYu.Sprint2.Task7.V10.Lib", "Tyuiu.PyatkovaAYu.Sprint2.Task7.V10.Lib\Tyuiu.PyatkovaAYu.Sprint2.Task7.V10.Lib.csproj", "{F9C0D0F5-CF66-40C9-8B3F-38BAF5E655EC}"
EndProject
Project("{FAE04EC0-301F-11D3-BF4B-00C04F79EFBC}") = "Tyuiu.PyatkovaAYu.Sprint2.Task7.V10.Test", "Tyuiu.PyatkovaAYu.Sprint2.Task7.V10.Test\Tyuiu.PyatkovaAYu.Sprint2.Task7.V10.Test.csproj", "{F00C236C-C707-4875-9BCD-47BD5531222C}"
EndProject
Global
	GlobalSection(SolutionConfigurationPlatforms) = preSolution
		Debug|Any CPU = Debug|Any CPU
		Release|Any CPU = Release|Any CPU
	EndGlobalSection
	GlobalSection(ProjectConfigurationPlatforms) = postSolution
		{4B31DD28-1C43-4881-9BED-7CE8D15435CB}.Debug|Any CPU.ActiveCfg = Debug|Any CPU
		{4B31DD28-1C43-4881-9BED-7CE8D15435CB}.Debug|Any CPU.Build.0 = Debug|Any CPU
		{4B31DD28-1C43-4881-9BED-7CE8D15435CB}.Release|Any CPU.ActiveCfg = Release|Any CPU
		{4B31DD28-1C43-4881-9BED-7CE8D15435CB}.Release|Any CPU.Build.0 = Release|Any CPU
		{8192C8EF-7CDE-41EA-9DFC-23BBA8139EFF}.Debug|Any CPU.ActiveCfg = Debug|Any CPU
		{8192C8EF-7CDE-41EA-9DFC-23BBA8139EFF}.Debug|Any CPU.Build.0 = Debug|Any CPU
		{8192C8EF-7CDE-41EA-9DFC-23BBA8139EFF}.Release|Any CPU.ActiveCfg = Release|Any CPU
		{8192C8EF-7CDE-41EA-9DFC-23BBA8139EFF}.Release|Any CPU.Build.0 = Release|Any CPU
		{486F9488-C89A-4948-86E5-A9891FE98887}.Debug|Any CPU.ActiveCfg = Debug|Any CPU
		{486F9488-C89A-4948-86E5-A9891FE98887}.Debug|Any CPU.Build.0 = Debug|Any CPU
		{486F9488-C89A-4948-86E5-A9891FE98887}.Release|Any CPU.ActiveCfg = Release|Any CPU
		{486F9488-C89A-4948-86E5-A9891FE98887}.Release|Any CPU.Build.0 = Release|Any CPU
		{E38A08E8-3E2A-4039-9179-5AF532B6529F}.Debug|Any CPU.ActiveCfg = Debug|Any CPU
		{E38A08E8-3E2A-4039-9179-5AF532B6529F}.Debug|Any CPU.Build.0 = Debug|Any CPU
		{E38A08E8-3E2A-4039-9179-5AF532B6529F}.Release|Any CPU.ActiveCfg = Release|Any CPU
		{E38A08E8-3E2A-4039-9179-5AF532B6529F}.Release|Any CPU.Build.0 = Release|Any CPU
		{04A4BECF-3510-4451-BBBD-D6D6D2C96D08}.Debug|Any CPU.ActiveCfg = Debug|Any CPU
		{04A4BECF-3510-4451-BBBD-D6D6D2C96D08}.Debug|Any CPU.Build.0 = Debug|Any CPU
		{04A4BECF-3510-4451-BBBD-D6D6D2C96D08}.Release|Any CPU.ActiveCfg = Release|Any CPU
		{04A4BECF-3510-4451-BBBD-D6D6D2C96D08}.Release|Any CPU.Build.0 = Release|Any CPU
		{3F45474E-F1CA-4CEB-A81E-706A493CC071}.Debug|Any CPU.ActiveCfg = Debug|Any CPU
		{3F45474E-F1CA-4CEB-A81E-706A493CC071}.Debug|Any CPU.Build.0 = Debug|Any CPU
		{3F45474E-F1CA-4CEB-A81E-706A493CC071}.Release|Any CPU.ActiveCfg = Release|Any CPU
		{3F45474E-F1CA-4CEB-A81E-706A493CC071}.Release|Any CPU.Build.0 = Release|Any CPU
		{97F025C5-B7B9-4A6A-94E7-05DE3BE07636}.Debug|Any CPU.ActiveCfg = Debug|Any CPU
		{97F025C5-B7B9-4A6A-94E7-05DE3BE07636}.Debug|Any CPU.Build.0 = Debug|Any CPU
		{97F025C5-B7B9-4A6A-94E7-05DE3BE07636}.Release|Any CPU.ActiveCfg = Release|Any CPU
		{97F025C5-B7B9-4A6A-94E7-05DE3BE07636}.Release|Any CPU.Build.0 = Release|Any CPU
		{87C81A87-09AB-4ECE-8E41-D1BC377C46CD}.Debug|Any CPU.ActiveCfg = Debug|Any CPU
		{87C81A87-09AB-4ECE-8E41-D1BC377C46CD}.Debug|Any CPU.Build.0 = Debug|Any CPU
		{87C81A87-09AB-4ECE-8E41-D1BC377C46CD}.Release|Any CPU.ActiveCfg = Release|Any CPU
		{87C81A87-09AB-4ECE-8E41-D1BC377C46CD}.Release|Any CPU.Build.0 = Release|Any CPU
		{B5A349F9-628B-4A91-B2DE-076538D729E1}.Debug|Any CPU.ActiveCfg = Debug|Any CPU
		{B5A349F9-628B-4A91-B2DE-076538D729E1}.Debug|Any CPU.Build.0 = Debug|Any CPU
		{B5A349F9-628B-4A91-B2DE-076538D729E1}.Release|Any CPU.ActiveCfg = Release|Any CPU
		{B5A349F9-628B-4A91-B2DE-076538D729E1}.Release|Any CPU.Build.0 = Release|Any CPU
		{B5B4A081-DCED-4A65-8ED4-97694187167A}.Debug|Any CPU.ActiveCfg = Debug|Any CPU
		{B5B4A081-DCED-4A65-8ED4-97694187167A}.Debug|Any CPU.Build.0 = Debug|Any CPU
		{B5B4A081-DCED-4A65-8ED4-97694187167A}.Release|Any CPU.ActiveCfg = Release|Any CPU
		{B5B4A081-DCED-4A65-8ED4-97694187167A}.Release|Any CPU.Build.0 = Release|Any CPU
		{2956518F-E30F-4B50-AAC1-CA85336CB659}.Debug|Any CPU.ActiveCfg = Debug|Any CPU
		{2956518F-E30F-4B50-AAC1-CA85336CB659}.Debug|Any CPU.Build.0 = Debug|Any CPU
		{2956518F-E30F-4B50-AAC1-CA85336CB659}.Release|Any CPU.ActiveCfg = Release|Any CPU
		{2956518F-E30F-4B50-AAC1-CA85336CB659}.Release|Any CPU.Build.0 = Release|Any CPU
		{5AD3CD00-790D-4226-B058-70BC53872BE0}.Debug|Any CPU.ActiveCfg = Debug|Any CPU
		{5AD3CD00-790D-4226-B058-70BC53872BE0}.Debug|Any CPU.Build.0 = Debug|Any CPU
		{5AD3CD00-790D-4226-B058-70BC53872BE0}.Release|Any CPU.ActiveCfg = Release|Any CPU
		{5AD3CD00-790D-4226-B058-70BC53872BE0}.Release|Any CPU.Build.0 = Release|Any CPU
		{F170FE9E-A1B2-4B59-9A76-3F8A8C592466}.Debug|Any CPU.ActiveCfg = Debug|Any CPU
		{F170FE9E-A1B2-4B59-9A76-3F8A8C592466}.Debug|Any CPU.Build.0 = Debug|Any CPU
		{F170FE9E-A1B2-4B59-9A76-3F8A8C592466}.Release|Any CPU.ActiveCfg = Release|Any CPU
		{F170FE9E-A1B2-4B59-9A76-3F8A8C592466}.Release|Any CPU.Build.0 = Release|Any CPU
		{714C9174-CF0F-4B8F-9179-A1FD3C28FFDB}.Debug|Any CPU.ActiveCfg = Debug|Any CPU
		{714C9174-CF0F-4B8F-9179-A1FD3C28FFDB}.Debug|Any CPU.Build.0 = Debug|Any CPU
		{714C9174-CF0F-4B8F-9179-A1FD3C28FFDB}.Release|Any CPU.ActiveCfg = Release|Any CPU
		{714C9174-CF0F-4B8F-9179-A1FD3C28FFDB}.Release|Any CPU.Build.0 = Release|Any CPU
		{1ED2E7BA-A0BF-4541-97D6-822FBF499D44}.Debug|Any CPU.ActiveCfg = Debug|Any CPU
		{1ED2E7BA-A0BF-4541-97D6-822FBF499D44}.Debug|Any CPU.Build.0 = Debug|Any CPU
		{1ED2E7BA-A0BF-4541-97D6-822FBF499D44}.Release|Any CPU.ActiveCfg = Release|Any CPU
		{1ED2E7BA-A0BF-4541-97D6-822FBF499D44}.Release|Any CPU.Build.0 = Release|Any CPU
		{9E7D2CAF-7BB3-4FE7-9E42-AB363AF56689}.Debug|Any CPU.ActiveCfg = Debug|Any CPU
		{9E7D2CAF-7BB3-4FE7-9E42-AB363AF56689}.Debug|Any CPU.Build.0 = Debug|Any CPU
		{9E7D2CAF-7BB3-4FE7-9E42-AB363AF56689}.Release|Any CPU.ActiveCfg = Release|Any CPU
		{9E7D2CAF-7BB3-4FE7-9E42-AB363AF56689}.Release|Any CPU.Build.0 = Release|Any CPU
		{EAFFEF95-7976-4154-8F81-FE1DB7C9628E}.Debug|Any CPU.ActiveCfg = Debug|Any CPU
		{EAFFEF95-7976-4154-8F81-FE1DB7C9628E}.Debug|Any CPU.Build.0 = Debug|Any CPU
		{EAFFEF95-7976-4154-8F81-FE1DB7C9628E}.Release|Any CPU.ActiveCfg = Release|Any CPU
		{EAFFEF95-7976-4154-8F81-FE1DB7C9628E}.Release|Any CPU.Build.0 = Release|Any CPU
		{2F393A45-A8E4-4525-9095-757A96219AD2}.Debug|Any CPU.ActiveCfg = Debug|Any CPU
		{2F393A45-A8E4-4525-9095-757A96219AD2}.Debug|Any CPU.Build.0 = Debug|Any CPU
		{2F393A45-A8E4-4525-9095-757A96219AD2}.Release|Any CPU.ActiveCfg = Release|Any CPU
		{2F393A45-A8E4-4525-9095-757A96219AD2}.Release|Any CPU.Build.0 = Release|Any CPU
		{383C4ACA-C221-40FA-ABCA-A0BFD3A60705}.Debug|Any CPU.ActiveCfg = Debug|Any CPU
		{383C4ACA-C221-40FA-ABCA-A0BFD3A60705}.Debug|Any CPU.Build.0 = Debug|Any CPU
		{383C4ACA-C221-40FA-ABCA-A0BFD3A60705}.Release|Any CPU.ActiveCfg = Release|Any CPU
		{383C4ACA-C221-40FA-ABCA-A0BFD3A60705}.Release|Any CPU.Build.0 = Release|Any CPU
		{48F82453-0D2D-4ADE-B7C3-722E58FC9009}.Debug|Any CPU.ActiveCfg = Debug|Any CPU
		{48F82453-0D2D-4ADE-B7C3-722E58FC9009}.Debug|Any CPU.Build.0 = Debug|Any CPU
		{48F82453-0D2D-4ADE-B7C3-722E58FC9009}.Release|Any CPU.ActiveCfg = Release|Any CPU
		{48F82453-0D2D-4ADE-B7C3-722E58FC9009}.Release|Any CPU.Build.0 = Release|Any CPU
		{591F24CF-7EDA-4E9C-AB38-1537FC550F04}.Debug|Any CPU.ActiveCfg = Debug|Any CPU
		{591F24CF-7EDA-4E9C-AB38-1537FC550F04}.Debug|Any CPU.Build.0 = Debug|Any CPU
		{591F24CF-7EDA-4E9C-AB38-1537FC550F04}.Release|Any CPU.ActiveCfg = Release|Any CPU
		{591F24CF-7EDA-4E9C-AB38-1537FC550F04}.Release|Any CPU.Build.0 = Release|Any CPU
		{D720555D-BCE8-4596-A554-A634D390EF8B}.Debug|Any CPU.ActiveCfg = Debug|Any CPU
		{D720555D-BCE8-4596-A554-A634D390EF8B}.Debug|Any CPU.Build.0 = Debug|Any CPU
		{D720555D-BCE8-4596-A554-A634D390EF8B}.Release|Any CPU.ActiveCfg = Release|Any CPU
		{D720555D-BCE8-4596-A554-A634D390EF8B}.Release|Any CPU.Build.0 = Release|Any CPU
		{F9C0D0F5-CF66-40C9-8B3F-38BAF5E655EC}.Debug|Any CPU.ActiveCfg = Debug|Any CPU
		{F9C0D0F5-CF66-40C9-8B3F-38BAF5E655EC}.Debug|Any CPU.Build.0 = Debug|Any CPU
		{F9C0D0F5-CF66-40C9-8B3F-38BAF5E655EC}.Release|Any CPU.ActiveCfg = Release|Any CPU
		{F9C0D0F5-CF66-40C9-8B3F-38BAF5E655EC}.Release|Any CPU.Build.0 = Release|Any CPU
		{F00C236C-C707-4875-9BCD-47BD5531222C}.Debug|Any CPU.ActiveCfg = Debug|Any CPU
		{F00C236C-C707-4875-9BCD-47BD5531222C}.Debug|Any CPU.Build.0 = Debug|Any CPU
		{F00C236C-C707-4875-9BCD-47BD5531222C}.Release|Any CPU.ActiveCfg = Release|Any CPU
		{F00C236C-C707-4875-9BCD-47BD5531222C}.Release|Any CPU.Build.0 = Release|Any CPU
	EndGlobalSection
	GlobalSection(SolutionProperties) = preSolution
		HideSolutionNode = FALSE
	EndGlobalSection
	GlobalSection(NestedProjects) = preSolution
		{4B31DD28-1C43-4881-9BED-7CE8D15435CB} = {D54A6EBC-119F-41D9-ABDB-84B064EE5C49}
		{8192C8EF-7CDE-41EA-9DFC-23BBA8139EFF} = {D54A6EBC-119F-41D9-ABDB-84B064EE5C49}
		{486F9488-C89A-4948-86E5-A9891FE98887} = {D54A6EBC-119F-41D9-ABDB-84B064EE5C49}
		{E38A08E8-3E2A-4039-9179-5AF532B6529F} = {A85CA0D2-9CC0-4F02-8F34-0804591886F7}
		{04A4BECF-3510-4451-BBBD-D6D6D2C96D08} = {A85CA0D2-9CC0-4F02-8F34-0804591886F7}
		{3F45474E-F1CA-4CEB-A81E-706A493CC071} = {A85CA0D2-9CC0-4F02-8F34-0804591886F7}
		{97F025C5-B7B9-4A6A-94E7-05DE3BE07636} = {E1D85D3E-27B2-4354-A2B4-B916FBBDEB08}
		{87C81A87-09AB-4ECE-8E41-D1BC377C46CD} = {E1D85D3E-27B2-4354-A2B4-B916FBBDEB08}
		{B5A349F9-628B-4A91-B2DE-076538D729E1} = {E1D85D3E-27B2-4354-A2B4-B916FBBDEB08}
		{B5B4A081-DCED-4A65-8ED4-97694187167A} = {D9B3F686-0714-43DB-9AE5-F9506E3EFBC8}
		{2956518F-E30F-4B50-AAC1-CA85336CB659} = {D9B3F686-0714-43DB-9AE5-F9506E3EFBC8}
		{5AD3CD00-790D-4226-B058-70BC53872BE0} = {D9B3F686-0714-43DB-9AE5-F9506E3EFBC8}
		{F170FE9E-A1B2-4B59-9A76-3F8A8C592466} = {72F40368-C14A-431E-8226-3F3AE9791E8A}
		{714C9174-CF0F-4B8F-9179-A1FD3C28FFDB} = {72F40368-C14A-431E-8226-3F3AE9791E8A}
		{1ED2E7BA-A0BF-4541-97D6-822FBF499D44} = {72F40368-C14A-431E-8226-3F3AE9791E8A}
		{9E7D2CAF-7BB3-4FE7-9E42-AB363AF56689} = {0E3C6C3D-B1BC-4E66-A62B-5640E739B501}
		{EAFFEF95-7976-4154-8F81-FE1DB7C9628E} = {0E3C6C3D-B1BC-4E66-A62B-5640E739B501}
		{2F393A45-A8E4-4525-9095-757A96219AD2} = {0E3C6C3D-B1BC-4E66-A62B-5640E739B501}
		{383C4ACA-C221-40FA-ABCA-A0BFD3A60705} = {B19BE040-AB28-491C-A8B4-AFD37AA6FC29}
		{48F82453-0D2D-4ADE-B7C3-722E58FC9009} = {B19BE040-AB28-491C-A8B4-AFD37AA6FC29}
		{591F24CF-7EDA-4E9C-AB38-1537FC550F04} = {B19BE040-AB28-491C-A8B4-AFD37AA6FC29}
		{D720555D-BCE8-4596-A554-A634D390EF8B} = {ACC2F2D8-C997-4429-840C-A7204516E679}
		{F9C0D0F5-CF66-40C9-8B3F-38BAF5E655EC} = {ACC2F2D8-C997-4429-840C-A7204516E679}
		{F00C236C-C707-4875-9BCD-47BD5531222C} = {ACC2F2D8-C997-4429-840C-A7204516E679}
	EndGlobalSection
	GlobalSection(ExtensibilityGlobals) = postSolution
		SolutionGuid = {9FEFFFBF-EB4B-4C99-9256-6BDEE15F2896}
	EndGlobalSection
EndGlobal
